
Microsoft Visual Studio Solution File, Format Version 12.00
# Visual Studio Version 17
VisualStudioVersion = 17.0.32112.339
MinimumVisualStudioVersion = 10.0.40219.1
Project("{FAE04EC0-301F-11D3-BF4B-00C04F79EFBC}") = "Data", "Data\Data.csproj", "{40EFD615-3A07-42FB-811E-B4B2B1664D86}"
EndProject
Project("{FAE04EC0-301F-11D3-BF4B-00C04F79EFBC}") = "Logic", "Logic\Logic.csproj", "{C66B5A63-D36D-4500-9F58-7160DDA7B252}"
EndProject
Project("{FAE04EC0-301F-11D3-BF4B-00C04F79EFBC}") = "Presentation", "Presentation\Presentation.csproj", "{DBDBF970-48DF-4D5E-B383-DA3D1A377D3B}"
EndProject
Global
	GlobalSection(SolutionConfigurationPlatforms) = preSolution
		Debug|Any CPU = Debug|Any CPU
		Release|Any CPU = Release|Any CPU
	EndGlobalSection
	GlobalSection(ProjectConfigurationPlatforms) = postSolution
		{40EFD615-3A07-42FB-811E-B4B2B1664D86}.Debug|Any CPU.ActiveCfg = Debug|Any CPU
		{40EFD615-3A07-42FB-811E-B4B2B1664D86}.Debug|Any CPU.Build.0 = Debug|Any CPU
		{40EFD615-3A07-42FB-811E-B4B2B1664D86}.Release|Any CPU.ActiveCfg = Release|Any CPU
		{40EFD615-3A07-42FB-811E-B4B2B1664D86}.Release|Any CPU.Build.0 = Release|Any CPU
		{C66B5A63-D36D-4500-9F58-7160DDA7B252}.Debug|Any CPU.ActiveCfg = Debug|Any CPU
		{C66B5A63-D36D-4500-9F58-7160DDA7B252}.Debug|Any CPU.Build.0 = Debug|Any CPU
		{C66B5A63-D36D-4500-9F58-7160DDA7B252}.Release|Any CPU.ActiveCfg = Release|Any CPU
		{C66B5A63-D36D-4500-9F58-7160DDA7B252}.Release|Any CPU.Build.0 = Release|Any CPU
		{DBDBF970-48DF-4D5E-B383-DA3D1A377D3B}.Debug|Any CPU.ActiveCfg = Debug|Any CPU
		{DBDBF970-48DF-4D5E-B383-DA3D1A377D3B}.Debug|Any CPU.Build.0 = Debug|Any CPU
		{DBDBF970-48DF-4D5E-B383-DA3D1A377D3B}.Release|Any CPU.ActiveCfg = Release|Any CPU
		{DBDBF970-48DF-4D5E-B383-DA3D1A377D3B}.Release|Any CPU.Build.0 = Release|Any CPU
	EndGlobalSection
	GlobalSection(SolutionProperties) = preSolution
		HideSolutionNode = FALSE
	EndGlobalSection
	GlobalSection(ExtensibilityGlobals) = postSolution
		SolutionGuid = {ABBC5EF7-F9CD-4D6F-82C5-7F8F7D71227D}
	EndGlobalSection
EndGlobal
